
Microsoft Visual Studio Solution File, Format Version 12.00
# Visual Studio 14
VisualStudioVersion = 14.0.25420.1
MinimumVisualStudioVersion = 10.0.40219.1
Project("{FAE04EC0-301F-11D3-BF4B-00C04F79EFBC}") = "WebApplication2", "WebApplication2\WebApplication2.csproj", "{984042C3-E056-4635-849C-6169AB34E8C3}"
EndProject
Project("{FAE04EC0-301F-11D3-BF4B-00C04F79EFBC}") = "EmployeeData", "EmployeeData\EmployeeData.csproj", "{2804298B-0B35-4FF4-82A3-2220EE29BCCB}"
EndProject
Global
	GlobalSection(SolutionConfigurationPlatforms) = preSolution
		Debug|Any CPU = Debug|Any CPU
		Release|Any CPU = Release|Any CPU
	EndGlobalSection
	GlobalSection(ProjectConfigurationPlatforms) = postSolution
		{984042C3-E056-4635-849C-6169AB34E8C3}.Debug|Any CPU.ActiveCfg = Debug|Any CPU
		{984042C3-E056-4635-849C-6169AB34E8C3}.Debug|Any CPU.Build.0 = Debug|Any CPU
		{984042C3-E056-4635-849C-6169AB34E8C3}.Release|Any CPU.ActiveCfg = Release|Any CPU
		{984042C3-E056-4635-849C-6169AB34E8C3}.Release|Any CPU.Build.0 = Release|Any CPU
		{2804298B-0B35-4FF4-82A3-2220EE29BCCB}.Debug|Any CPU.ActiveCfg = Debug|Any CPU
		{2804298B-0B35-4FF4-82A3-2220EE29BCCB}.Debug|Any CPU.Build.0 = Debug|Any CPU
		{2804298B-0B35-4FF4-82A3-2220EE29BCCB}.Release|Any CPU.ActiveCfg = Release|Any CPU
		{2804298B-0B35-4FF4-82A3-2220EE29BCCB}.Release|Any CPU.Build.0 = Release|Any CPU
	EndGlobalSection
	GlobalSection(SolutionProperties) = preSolution
		HideSolutionNode = FALSE
	EndGlobalSection
EndGlobal
